// !$*UTF8*$!
{
	archiveVersion = 1;
	classes = {
	};
	objectVersion = 46;
	objects = {

/* Begin PBXBuildFile section */
		3B1EDD891F6E246000E95C39 /* FaceView.swift in Sources */ = {isa = PBXBuildFile; fileRef = 3B1EDD881F6E246000E95C39 /* FaceView.swift */; };
		3BA9F81E1F6A2D3800602657 /* AppDelegate.swift in Sources */ = {isa = PBXBuildFile; fileRef = 3BA9F81D1F6A2D3800602657 /* AppDelegate.swift */; };
		3BA9F8201F6A2D3800602657 /* FaceViewController.swift in Sources */ = {isa = PBXBuildFile; fileRef = 3BA9F81F1F6A2D3800602657 /* FaceViewController.swift */; };
		3BA9F8231F6A2D3800602657 /* Main.storyboard in Resources */ = {isa = PBXBuildFile; fileRef = 3BA9F8211F6A2D3800602657 /* Main.storyboard */; };
		3BA9F8251F6A2D3800602657 /* Assets.xcassets in Resources */ = {isa = PBXBuildFile; fileRef = 3BA9F8241F6A2D3800602657 /* Assets.xcassets */; };
		3BA9F8281F6A2D3800602657 /* LaunchScreen.storyboard in Resources */ = {isa = PBXBuildFile; fileRef = 3BA9F8261F6A2D3800602657 /* LaunchScreen.storyboard */; };
/* End PBXBuildFile section */

/* Begin PBXFileReference section */
		3B1EDD881F6E246000E95C39 /* FaceView.swift */ = {isa = PBXFileReference; fileEncoding = 4; lastKnownFileType = sourcecode.swift; path = FaceView.swift; sourceTree = "<group>"; };
		3BA9F81A1F6A2D3800602657 /* FaceIt.app */ = {isa = PBXFileReference; explicitFileType = wrapper.application; includeInIndex = 0; path = FaceIt.app; sourceTree = BUILT_PRODUCTS_DIR; };
		3BA9F81D1F6A2D3800602657 /* AppDelegate.swift */ = {isa = PBXFileReference; lastKnownFileType = sourcecode.swift; path = AppDelegate.swift; sourceTree = "<group>"; };
		3BA9F81F1F6A2D3800602657 /* FaceViewController.swift */ = {isa = PBXFileReference; lastKnownFileType = sourcecode.swift; path = FaceViewController.swift; sourceTree = "<group>"; };
		3BA9F8221F6A2D3800602657 /* Base */ = {isa = PBXFileReference; lastKnownFileType = file.storyboard; name = Base; path = Base.lproj/Main.storyboard; sourceTree = "<group>"; };
		3BA9F8241F6A2D3800602657 /* Assets.xcassets */ = {isa = PBXFileReference; lastKnownFileType = folder.assetcatalog; path = Assets.xcassets; sourceTree = "<group>"; };
		3BA9F8271F6A2D3800602657 /* Base */ = {isa = PBXFileReference; lastKnownFileType = file.storyboard; name = Base; path = Base.lproj/LaunchScreen.storyboard; sourceTree = "<group>"; };
		3BA9F8291F6A2D3800602657 /* Info.plist */ = {isa = PBXFileReference; lastKnownFileType = text.plist.xml; path = Info.plist; sourceTree = "<group>"; };
/* End PBXFileReference section */

/* Begin PBXFrameworksBuildPhase section */
		3BA9F8171F6A2D3800602657 /* Frameworks */ = {
			isa = PBXFrameworksBuildPhase;
			buildActionMask = 2147483647;
			files = (
			);
			runOnlyForDeploymentPostprocessing = 0;
		};
/* End PBXFrameworksBuildPhase section */

/* Begin PBXGroup section */
		3B1EDD831F6E226200E95C39 /* Supporting Files */ = {
			isa = PBXGroup;
			children = (
				3BA9F81D1F6A2D3800602657 /* AppDelegate.swift */,
				3BA9F8241F6A2D3800602657 /* Assets.xcassets */,
				3BA9F8261F6A2D3800602657 /* LaunchScreen.storyboard */,
				3BA9F8291F6A2D3800602657 /* Info.plist */,
			);
			name = "Supporting Files";
			sourceTree = "<group>";
		};
		3BA9F8111F6A2D3800602657 = {
			isa = PBXGroup;
			children = (
				3BA9F81C1F6A2D3800602657 /* FaceIt */,
				3BA9F81B1F6A2D3800602657 /* Products */,
			);
			sourceTree = "<group>";
		};
		3BA9F81B1F6A2D3800602657 /* Products */ = {
			isa = PBXGroup;
			children = (
				3BA9F81A1F6A2D3800602657 /* FaceIt.app */,
			);
			name = Products;
			sourceTree = "<group>";
		};
		3BA9F81C1F6A2D3800602657 /* FaceIt */ = {
			isa = PBXGroup;
			children = (
				3BA9F81F1F6A2D3800602657 /* FaceViewController.swift */,
				3BA9F8211F6A2D3800602657 /* Main.storyboard */,
				3B1EDD881F6E246000E95C39 /* FaceView.swift */,
				3B1EDD831F6E226200E95C39 /* Supporting Files */,
			);
			path = FaceIt;
			sourceTree = "<group>";
		};
/* End PBXGroup section */

/* Begin PBXNativeTarget section */
		3BA9F8191F6A2D3800602657 /* FaceIt */ = {
			isa = PBXNativeTarget;
			buildConfigurationList = 3BA9F82C1F6A2D3800602657 /* Build configuration list for PBXNativeTarget "FaceIt" */;
			buildPhases = (
				3BA9F8161F6A2D3800602657 /* Sources */,
				3BA9F8171F6A2D3800602657 /* Frameworks */,
				3BA9F8181F6A2D3800602657 /* Resources */,
			);
			buildRules = (
			);
			dependencies = (
			);
			name = FaceIt;
			productName = FaceIt;
			productReference = 3BA9F81A1F6A2D3800602657 /* FaceIt.app */;
			productType = "com.apple.product-type.application";
		};
/* End PBXNativeTarget section */

/* Begin PBXProject section */
		3BA9F8121F6A2D3800602657 /* Project object */ = {
			isa = PBXProject;
			attributes = {
				LastSwiftUpdateCheck = 0720;
				LastUpgradeCheck = 0720;
				ORGANIZATIONNAME = JSJ;
				TargetAttributes = {
					3BA9F8191F6A2D3800602657 = {
						CreatedOnToolsVersion = 7.2;
					};
				};
			};
			buildConfigurationList = 3BA9F8151F6A2D3800602657 /* Build configuration list for PBXProject "FaceIt" */;
			compatibilityVersion = "Xcode 3.2";
			developmentRegion = English;
			hasScannedForEncodings = 0;
			knownRegions = (
				en,
				Base,
			);
			mainGroup = 3BA9F8111F6A2D3800602657;
			productRefGroup = 3BA9F81B1F6A2D3800602657 /* Products */;
			projectDirPath = "";
			projectRoot = "";
			targets = (
				3BA9F8191F6A2D3800602657 /* FaceIt */,
			);
		};
/* End PBXProject section */

/* Begin PBXResourcesBuildPhase section */
		3BA9F8181F6A2D3800602657 /* Resources */ = {
			isa = PBXResourcesBuildPhase;
			buildActionMask = 2147483647;
			files = (
				3BA9F8281F6A2D3800602657 /* LaunchScreen.storyboard in Resources */,
				3BA9F8251F6A2D3800602657 /* Assets.xcassets in Resources */,
				3BA9F8231F6A2D3800602657 /* Main.storyboard in Resources */,
			);
			runOnlyForDeploymentPostprocessing = 0;
		};
/* End PBXResourcesBuildPhase section */

/* Begin PBXSourcesBuildPhase section */
		3BA9F8161F6A2D3800602657 /* Sources */ = {
			isa = PBXSourcesBuildPhase;
			buildActionMask = 2147483647;
			files = (
				3BA9F8201F6A2D3800602657 /* FaceViewController.swift in Sources */,
				3BA9F81E1F6A2D3800602657 /* AppDelegate.swift in Sources */,
				3B1EDD891F6E246000E95C39 /* FaceView.swift in Sources */,
			);
			runOnlyForDeploymentPostprocessing = 0;
		};
/* End PBXSourcesBuildPhase section */

/* Begin PBXVariantGroup section */
		3BA9F8211F6A2D3800602657 /* Main.storyboard */ = {
			isa = PBXVariantGroup;
			children = (
				3BA9F8221F6A2D3800602657 /* Base */,
			);
			name = Main.storyboard;
			sourceTree = "<group>";
		};
		3BA9F8261F6A2D3800602657 /* LaunchScreen.storyboard */ = {
			isa = PBXVariantGroup;
			children = (
				3BA9F8271F6A2D3800602657 /* Base */,
			);
			name = LaunchScreen.storyboard;
			sourceTree = "<group>";
		};
/* End PBXVariantGroup section */

/* Begin XCBuildConfiguration section */
		3BA9F82A1F6A2D3800602657 /* Debug */ = {
			isa = XCBuildConfiguration;
			buildSettings = {
				ALWAYS_SEARCH_USER_PATHS = NO;
				CLANG_CXX_LANGUAGE_STANDARD = "gnu++0x";
				CLANG_CXX_LIBRARY = "libc++";
				CLANG_ENABLE_MODULES = YES;
				CLANG_ENABLE_OBJC_ARC = YES;
				CLANG_WARN_BOOL_CONVERSION = YES;
				CLANG_WARN_CONSTANT_CONVERSION = YES;
				CLANG_WARN_DIRECT_OBJC_ISA_USAGE = YES_ERROR;
				CLANG_WARN_EMPTY_BODY = YES;
				CLANG_WARN_ENUM_CONVERSION = YES;
				CLANG_WARN_INT_CONVERSION = YES;
				CLANG_WARN_OBJC_ROOT_CLASS = YES_ERROR;
				CLANG_WARN_UNREACHABLE_CODE = YES;
				CLANG_WARN__DUPLICATE_METHOD_MATCH = YES;
				"CODE_SIGN_IDENTITY[sdk=iphoneos*]" = "iPhone Developer";
				COPY_PHASE_STRIP = NO;
				DEBUG_INFORMATION_FORMAT = dwarf;
				ENABLE_STRICT_OBJC_MSGSEND = YES;
				ENABLE_TESTABILITY = YES;
				GCC_C_LANGUAGE_STANDARD = gnu99;
				GCC_DYNAMIC_NO_PIC = NO;
				GCC_NO_COMMON_BLOCKS = YES;
				GCC_OPTIMIZATION_LEVEL = 0;
				GCC_PREPROCESSOR_DEFINITIONS = (
					"DEBUG=1",
					"$(inherited)",
				);
				GCC_WARN_64_TO_32_BIT_CONVERSION = YES;
				GCC_WARN_ABOUT_RETURN_TYPE = YES_ERROR;
				GCC_WARN_UNDECLARED_SELECTOR = YES;
				GCC_WARN_UNINITIALIZED_AUTOS = YES_AGGRESSIVE;
				GCC_WARN_UNUSED_FUNCTION = YES;
				GCC_WARN_UNUSED_VARIABLE = YES;
				IPHONEOS_DEPLOYMENT_TARGET = 9.2;
				MTL_ENABLE_DEBUG_INFO = YES;
				ONLY_ACTIVE_ARCH = YES;
				SDKROOT = iphoneos;
				SWIFT_OPTIMIZATION_LEVEL = "-Onone";
			};
			name = Debug;
		};
		3BA9F82B1F6A2D3800602657 /* Release */ = {
			isa = XCBuildConfiguration;
			buildSettings = {
				ALWAYS_SEARCH_USER_PATHS = NO;
				CLANG_CXX_LANGUAGE_STANDARD = "gnu++0x";
				CLANG_CXX_LIBRARY = "libc++";
				CLANG_ENABLE_MODULES = YES;
				CLANG_ENABLE_OBJC_ARC = YES;
				CLANG_WARN_BOOL_CONVERSION = YES;
				CLANG_WARN_CONSTANT_CONVERSION = YES;
				CLANG_WARN_DIRECT_OBJC_ISA_USAGE = YES_ERROR;
				CLANG_WARN_EMPTY_BODY = YES;
				CLANG_WARN_ENUM_CONVERSION = YES;
				CLANG_WARN_INT_CONVERSION = YES;
				CLANG_WARN_OBJC_ROOT_CLASS = YES_ERROR;
				CLANG_WARN_UNREACHABLE_CODE = YES;
				CLANG_WARN__DUPLICATE_METHOD_MATCH = YES;
				"CODE_SIGN_IDENTITY[sdk=iphoneos*]" = "iPhone Developer";
				COPY_PHASE_STRIP = NO;
				DEBUG_INFORMATION_FORMAT = "dwarf-with-dsym";
				ENABLE_NS_ASSERTIONS = NO;
				ENABLE_STRICT_OBJC_MSGSEND = YES;
				GCC_C_LANGUAGE_STANDARD = gnu99;
				GCC_NO_COMMON_BLOCKS = YES;
				GCC_WARN_64_TO_32_BIT_CONVERSION = YES;
				GCC_WARN_ABOUT_RETURN_TYPE = YES_ERROR;
				GCC_WARN_UNDECLARED_SELECTOR = YES;
				GCC_WARN_UNINITIALIZED_AUTOS = YES_AGGRESSIVE;
				GCC_WARN_UNUSED_FUNCTION = YES;
				GCC_WARN_UNUSED_VARIABLE = YES;
				IPHONEOS_DEPLOYMENT_TARGET = 9.2;
				MTL_ENABLE_DEBUG_INFO = NO;
				SDKROOT = iphoneos;
				VALIDATE_PRODUCT = YES;
			};
			name = Release;
		};
		3BA9F82D1F6A2D3800602657 /* Debug */ = {
			isa = XCBuildConfiguration;
			buildSettings = {
				ASSETCATALOG_COMPILER_APPICON_NAME = AppIcon;
				INFOPLIST_FILE = FaceIt/Info.plist;
				LD_RUNPATH_SEARCH_PATHS = "$(inherited) @executable_path/Frameworks";
				PRODUCT_BUNDLE_IDENTIFIER = "jp.co.archive-asia.www.FaceIt";
				PRODUCT_NAME = "$(TARGET_NAME)";
			};
			name = Debug;
		};
		3BA9F82E1F6A2D3800602657 /* Release */ = {
			isa = XCBuildConfiguration;
			buildSettings = {
				ASSETCATALOG_COMPILER_APPICON_NAME = AppIcon;
				INFOPLIST_FILE = FaceIt/Info.plist;
				LD_RUNPATH_SEARCH_PATHS = "$(inherited) @executable_path/Frameworks";
				PRODUCT_BUNDLE_IDENTIFIER = "jp.co.archive-asia.www.FaceIt";
				PRODUCT_NAME = "$(TARGET_NAME)";
			};
			name = Release;
		};
/* End XCBuildConfiguration section */

/* Begin XCConfigurationList section */
		3BA9F8151F6A2D3800602657 /* Build configuration list for PBXProject "FaceIt" */ = {
			isa = XCConfigurationList;
			buildConfigurations = (
				3BA9F82A1F6A2D3800602657 /* Debug */,
				3BA9F82B1F6A2D3800602657 /* Release */,
			);
			defaultConfigurationIsVisible = 0;
			defaultConfigurationName = Release;
		};
		3BA9F82C1F6A2D3800602657 /* Build configuration list for PBXNativeTarget "FaceIt" */ = {
			isa = XCConfigurationList;
			buildConfigurations = (
				3BA9F82D1F6A2D3800602657 /* Debug */,
				3BA9F82E1F6A2D3800602657 /* Release */,
			);
			defaultConfigurationIsVisible = 0;
			defaultConfigurationName = Release;
		};
/* End XCConfigurationList section */
	};
	rootObject = 3BA9F8121F6A2D3800602657 /* Project object */;
}
